
Microsoft Visual Studio Solution File, Format Version 12.00
# Visual Studio Version 17
VisualStudioVersion = 17.5.33530.505
MinimumVisualStudioVersion = 10.0.40219.1
Project("{FAE04EC0-301F-11D3-BF4B-00C04F79EFBC}") = "DevOpsGroupProjects", "DevOpsGroupProjects\DevOpsGroupProjects.csproj", "{F8E24C7C-7872-4414-8AC8-11DBA0F9FEEA}"
EndProject
Global
	GlobalSection(SolutionConfigurationPlatforms) = preSolution
		Debug|Any CPU = Debug|Any CPU
		Release|Any CPU = Release|Any CPU
	EndGlobalSection
	GlobalSection(ProjectConfigurationPlatforms) = postSolution
		{F8E24C7C-7872-4414-8AC8-11DBA0F9FEEA}.Debug|Any CPU.ActiveCfg = Debug|Any CPU
		{F8E24C7C-7872-4414-8AC8-11DBA0F9FEEA}.Debug|Any CPU.Build.0 = Debug|Any CPU
		{F8E24C7C-7872-4414-8AC8-11DBA0F9FEEA}.Release|Any CPU.ActiveCfg = Release|Any CPU
		{F8E24C7C-7872-4414-8AC8-11DBA0F9FEEA}.Release|Any CPU.Build.0 = Release|Any CPU
	EndGlobalSection
	GlobalSection(SolutionProperties) = preSolution
		HideSolutionNode = FALSE
	EndGlobalSection
	GlobalSection(ExtensibilityGlobals) = postSolution
		SolutionGuid = {FC1517C5-7533-45E2-8052-FDE33C819A23}
	EndGlobalSection
EndGlobal
