
Microsoft Visual Studio Solution File, Format Version 12.00
# Visual Studio Version 17
VisualStudioVersion = 17.5.33530.505
MinimumVisualStudioVersion = 10.0.40219.1
Project("{FAE04EC0-301F-11D3-BF4B-00C04F79EFBC}") = "ProductsCategory_DevopsTask", "ProductsCategory_DevopsTask.csproj", "{6966D897-FD0A-4FEB-B4E0-C292554E60DF}"
EndProject
Global
	GlobalSection(SolutionConfigurationPlatforms) = preSolution
		Debug|Any CPU = Debug|Any CPU
		Release|Any CPU = Release|Any CPU
	EndGlobalSection
	GlobalSection(ProjectConfigurationPlatforms) = postSolution
		{6966D897-FD0A-4FEB-B4E0-C292554E60DF}.Debug|Any CPU.ActiveCfg = Debug|Any CPU
		{6966D897-FD0A-4FEB-B4E0-C292554E60DF}.Debug|Any CPU.Build.0 = Debug|Any CPU
		{6966D897-FD0A-4FEB-B4E0-C292554E60DF}.Release|Any CPU.ActiveCfg = Release|Any CPU
		{6966D897-FD0A-4FEB-B4E0-C292554E60DF}.Release|Any CPU.Build.0 = Release|Any CPU
	EndGlobalSection
	GlobalSection(SolutionProperties) = preSolution
		HideSolutionNode = FALSE
	EndGlobalSection
	GlobalSection(ExtensibilityGlobals) = postSolution
		SolutionGuid = {AB464313-712B-4A75-9122-F7AD6AAB95A8}
	EndGlobalSection
EndGlobal
